<?xml version="1.0" encoding="utf-8"?>
<Project ToolsVersion="4.0" xmlns="http://schemas.microsoft.com/developer/msbuild/2003">
  <ItemGroup>
    <Filter Include="Source Files">
      <UniqueIdentifier>{4FC737F1-C7A5-4376-A066-2A32D752A2FF}</UniqueIdentifier>
      <Extensions>cpp;c;cc;cxx;c++;def;odl;idl;hpj;bat;asm;asmx</Extensions>
    </Filter>
    <Filter Include="Header Files">
      <UniqueIdentifier>{93995380-89BD-4b04-88EB-625FBE52EBFB}</UniqueIdentifier>
      <Extensions>h;hh;hpp;hxx;h++;hm;inl;inc;ipp;xsd</Extensions>
    </Filter>
    <Filter Include="Resource Files">
      <UniqueIdentifier>{67DA6AB6-F800-4c08-8B7A-83BB121AAD01}</UniqueIdentifier>
      <Extensions>rc;ico;cur;bmp;dlg;rc2;rct;bin;rgs;gif;jpg;jpeg;jpe;resx;tiff;tif;png;wav;mfcribbon-ms</Extensions>
    </Filter>
    <Filter Include="Source Files\Movies">
      <UniqueIdentifier>{8990fa41-16bf-44f7-82f4-8bc5ebefac3f}</UniqueIdentifier>
    </Filter>
    <Filter Include="Header Files\Movies">
      <UniqueIdentifier>{d79396ed-b30a-4dd0-9db8-20487e95d03a}</UniqueIdentifier>
    </Filter>
    <Filter Include="Header Files\Mystring">
      <UniqueIdentifier>{87f2c09b-1def-4496-82d8-69e4379b0d67}</UniqueIdentifier>
    </Filter>
    <Filter Include="Source Files\Mystring">
      <UniqueIdentifier>{376de788-305f-4cb0-9aa3-4fef74f02b31}</UniqueIdentifier>
    </Filter>
    <Filter Include="Header Files\Account-S16">
      <UniqueIdentifier>{5c2e6ceb-39c8-46c0-a421-c64f1a6b9aa7}</UniqueIdentifier>
    </Filter>
    <Filter Include="Source Files\Account-S16">
      <UniqueIdentifier>{cde1d829-fd43-4c3e-a34b-9f9ed46dbc99}</UniqueIdentifier>
    </Filter>
    <Filter Include="Source Files\Account">
      <UniqueIdentifier>{f118505c-c97f-4b61-b96c-fd4bdad46327}</UniqueIdentifier>
    </Filter>
    <Filter Include="Header Files\Account">
      <UniqueIdentifier>{969d5b8e-7fcf-43d9-a06d-637961ffabdb}</UniqueIdentifier>
    </Filter>
    <Filter Include="Header Files\Test-S17">
      <UniqueIdentifier>{2c5d6046-247d-45f2-8540-a85c7619074e}</UniqueIdentifier>
    </Filter>
    <Filter Include="Source Files\Test-S17">
      <UniqueIdentifier>{5e93c4bb-7cf7-4c61-87ba-239aa9c947ee}</UniqueIdentifier>
    </Filter>
    <Filter Include="Source Files\Utility">
      <UniqueIdentifier>{9a9bcb9d-f484-40fd-ae40-c191827a6282}</UniqueIdentifier>
    </Filter>
    <Filter Include="Header Files\Utility">
      <UniqueIdentifier>{cf85cc20-1e10-4afb-aaf4-632dce1acb88}</UniqueIdentifier>
    </Filter>
  </ItemGroup>
  <ItemGroup>
    <ClCompile Include="Challenges.cpp">
      <Filter>Source Files</Filter>
    </ClCompile>
    <ClCompile Include="Movie.cpp">
      <Filter>Source Files\Movies</Filter>
    </ClCompile>
    <ClCompile Include="Movies.cpp">
      <Filter>Source Files\Movies</Filter>
    </ClCompile>
    <ClCompile Include="Mystring.cpp">
      <Filter>Source Files\Mystring</Filter>
    </ClCompile>
    <ClCompile Include="Account.cpp">
      <Filter>Source Files\Account</Filter>
    </ClCompile>
    <ClCompile Include="SavingsAccount.cpp">
      <Filter>Source Files\Account</Filter>
    </ClCompile>
    <ClCompile Include="AccountsUtility.cpp">
      <Filter>Source Files\Utility</Filter>
    </ClCompile>
    <ClCompile Include="TrustAccount.cpp">
      <Filter>Source Files\Account</Filter>
    </ClCompile>
    <ClCompile Include="CheckingAccount.cpp">
      <Filter>Source Files\Account</Filter>
    </ClCompile>
    <ClCompile Include="I_Printable.cpp">
      <Filter>Source Files\Account-S16</Filter>
    </ClCompile>
    <ClCompile Include="Test.cpp">
      <Filter>Source Files\Test-S17</Filter>
    </ClCompile>
    <ClCompile Include="TestUtil.cpp">
      <Filter>Source Files\Utility</Filter>
    </ClCompile>
  </ItemGroup>
  <ItemGroup>
    <ClInclude Include="Movie.h">
      <Filter>Header Files\Movies</Filter>
    </ClInclude>
    <ClInclude Include="Movies.h">
      <Filter>Header Files\Movies</Filter>
    </ClInclude>
    <ClInclude Include="Mystring.h">
      <Filter>Header Files\Mystring</Filter>
    </ClInclude>
    <ClInclude Include="Account.h">
      <Filter>Header Files\Account</Filter>
    </ClInclude>
    <ClInclude Include="SavingsAccount.h">
      <Filter>Header Files\Account</Filter>
    </ClInclude>
    <ClInclude Include="AccountsUtility.h">
      <Filter>Header Files\Utility</Filter>
    </ClInclude>
    <ClInclude Include="TrustAccount.h">
      <Filter>Header Files\Account</Filter>
    </ClInclude>
    <ClInclude Include="CheckingAccount.h">
      <Filter>Header Files\Account</Filter>
    </ClInclude>
    <ClInclude Include="I_Printable.h">
      <Filter>Header Files\Account-S16</Filter>
    </ClInclude>
    <ClInclude Include="Test.h">
      <Filter>Header Files\Test-S17</Filter>
    </ClInclude>
    <ClInclude Include="TestUtil.h">
      <Filter>Header Files\Utility</Filter>
    </ClInclude>
  </ItemGroup>
</Project>