<?xml version="1.0" encoding="utf-8"?>
<Project ToolsVersion="4.0" xmlns="http://schemas.microsoft.com/developer/msbuild/2003">
  <ItemGroup>
    <Filter Include="Source Files">
      <UniqueIdentifier>{4FC737F1-C7A5-4376-A066-2A32D752A2FF}</UniqueIdentifier>
      <Extensions>cpp;c;cc;cxx;c++;def;odl;idl;hpj;bat;asm;asmx</Extensions>
    </Filter>
    <Filter Include="Header Files">
      <UniqueIdentifier>{93995380-89BD-4b04-88EB-625FBE52EBFB}</UniqueIdentifier>
      <Extensions>h;hh;hpp;hxx;h++;hm;inl;inc;ipp;xsd</Extensions>
    </Filter>
    <Filter Include="Resource Files">
      <UniqueIdentifier>{67DA6AB6-F800-4c08-8B7A-83BB121AAD01}</UniqueIdentifier>
      <Extensions>rc;ico;cur;bmp;dlg;rc2;rct;bin;rgs;gif;jpg;jpeg;jpe;resx;tiff;tif;png;wav;mfcribbon-ms</Extensions>
    </Filter>
    <Filter Include="Source Files\Movies">
      <UniqueIdentifier>{8990fa41-16bf-44f7-82f4-8bc5ebefac3f}</UniqueIdentifier>
    </Filter>
    <Filter Include="Header Files\Movies">
      <UniqueIdentifier>{d79396ed-b30a-4dd0-9db8-20487e95d03a}</UniqueIdentifier>
    </Filter>
    <Filter Include="Header Files\Mystring">
      <UniqueIdentifier>{87f2c09b-1def-4496-82d8-69e4379b0d67}</UniqueIdentifier>
    </Filter>
    <Filter Include="Source Files\Mystring">
      <UniqueIdentifier>{376de788-305f-4cb0-9aa3-4fef74f02b31}</UniqueIdentifier>
    </Filter>
  </ItemGroup>
  <ItemGroup>
    <ClCompile Include="Challenges.cpp">
      <Filter>Source Files</Filter>
    </ClCompile>
    <ClCompile Include="Movie.cpp">
      <Filter>Source Files\Movies</Filter>
    </ClCompile>
    <ClCompile Include="Movies.cpp">
      <Filter>Source Files\Movies</Filter>
    </ClCompile>
    <ClCompile Include="Mystring.cpp">
      <Filter>Source Files\Mystring</Filter>
    </ClCompile>
  </ItemGroup>
  <ItemGroup>
    <ClInclude Include="Movie.h">
      <Filter>Header Files\Movies</Filter>
    </ClInclude>
    <ClInclude Include="Movies.h">
      <Filter>Header Files\Movies</Filter>
    </ClInclude>
    <ClInclude Include="Mystring.h">
      <Filter>Header Files\Mystring</Filter>
    </ClInclude>
  </ItemGroup>
</Project>